// !$*UTF8*$!
{
	archiveVersion = 1;
	classes = {
	};
	objectVersion = 77;
	objects = {

/* Begin PBXBuildFile section */
		7C9B1AEF9DBBF7CB814BA3EE /* StanokTerminal in Frameworks */ = {isa = PBXBuildFile; productRef = 4D1AF5D6A6D2975D29F27003 /* StanokTerminal */; };
		A77AB9E7CD362CD5406B8BCD /* StanokKit in Frameworks */ = {isa = PBXBuildFile; productRef = B7E06AB1B026D9C8992ADEA1 /* StanokKit */; };
		D8F465EBFFF07F678FD0345D /* Carbon.framework in Frameworks */ = {isa = PBXBuildFile; fileRef = 68DD610276F8434E15A59EB6 /* Carbon.framework */; };
/* End PBXBuildFile section */

/* Begin PBXContainerItemProxy section */
		E2AA030530446888008EA09A /* PBXContainerItemProxy */ = {
			isa = PBXContainerItemProxy;
			containerPortal = E2AA02EF30446886008EA09A /* Project object */;
			proxyType = 1;
			remoteGlobalIDString = E2AA02F630446886008EA09A;
			remoteInfo = Stanok;
		};
		E2AA030F30446888008EA09A /* PBXContainerItemProxy */ = {
			isa = PBXContainerItemProxy;
			containerPortal = E2AA02EF30446886008EA09A /* Project object */;
			proxyType = 1;
			remoteGlobalIDString = E2AA02F630446886008EA09A;
			remoteInfo = Stanok;
		};
/* End PBXContainerItemProxy section */

/* Begin PBXFileReference section */
		68DD610276F8434E15A59EB6 /* Carbon.framework */ = {isa = PBXFileReference; lastKnownFileType = wrapper.framework; name = Carbon.framework; path = Platforms/MacOSX.platform/Developer/SDKs/MacOSX26.0.sdk/System/Library/Frameworks/Carbon.framework; sourceTree = DEVELOPER_DIR; };
		E2AA02F730446886008EA09A /* Stanok.app */ = {isa = PBXFileReference; explicitFileType = wrapper.application; includeInIndex = 0; path = Stanok.app; sourceTree = BUILT_PRODUCTS_DIR; };
		E2AA030430446888008EA09A /* StanokTests.xctest */ = {isa = PBXFileReference; explicitFileType = wrapper.cfbundle; includeInIndex = 0; path = StanokTests.xctest; sourceTree = BUILT_PRODUCTS_DIR; };
		E2AA030E30446888008EA09A /* StanokUITests.xctest */ = {isa = PBXFileReference; explicitFileType = wrapper.cfbundle; includeInIndex = 0; path = StanokUITests.xctest; sourceTree = BUILT_PRODUCTS_DIR; };
/* End PBXFileReference section */

/* Begin PBXFileSystemSynchronizedRootGroup section */
		E2AA02F930446886008EA09A /* Stanok */ = {
			isa = PBXFileSystemSynchronizedRootGroup;
			exceptions = (
			);
			path = Stanok;
			sourceTree = "<group>";
		};
		E2AA030730446888008EA09A /* StanokTests */ = {
			isa = PBXFileSystemSynchronizedRootGroup;
			exceptions = (
			);
			path = StanokTests;
			sourceTree = "<group>";
		};
		E2AA031130446888008EA09A /* StanokUITests */ = {
			isa = PBXFileSystemSynchronizedRootGroup;
			exceptions = (
			);
			path = StanokUITests;
			sourceTree = "<group>";
		};
/* End PBXFileSystemSynchronizedRootGroup section */

/* Begin PBXFrameworksBuildPhase section */
		E2AA02F430446886008EA09A /* Frameworks */ = {
			isa = PBXFrameworksBuildPhase;
			buildActionMask = 2147483647;
			files = (
				D8F465EBFFF07F678FD0345D /* Carbon.framework in Frameworks */,
				A77AB9E7CD362CD5406B8BCD /* StanokKit in Frameworks */,
				7C9B1AEF9DBBF7CB814BA3EE /* StanokTerminal in Frameworks */,
			);
			runOnlyForDeploymentPostprocessing = 0;
		};
		E2AA030130446888008EA09A /* Frameworks */ = {
			isa = PBXFrameworksBuildPhase;
			buildActionMask = 2147483647;
			files = (
			);
			runOnlyForDeploymentPostprocessing = 0;
		};
		E2AA030B30446888008EA09A /* Frameworks */ = {
			isa = PBXFrameworksBuildPhase;
			buildActionMask = 2147483647;
			files = (
			);
			runOnlyForDeploymentPostprocessing = 0;
		};
/* End PBXFrameworksBuildPhase section */

/* Begin PBXGroup section */
		44D5B42F59742B3685950906 /* Frameworks */ = {
			isa = PBXGroup;
			children = (
				BC0D6FFA2E887A5EE50C7B0B /* OS X */,
			);
			name = Frameworks;
			sourceTree = "<group>";
		};
		BC0D6FFA2E887A5EE50C7B0B /* OS X */ = {
			isa = PBXGroup;
			children = (
				68DD610276F8434E15A59EB6 /* Carbon.framework */,
			);
			name = "OS X";
			sourceTree = "<group>";
		};
		E2AA02EE30446886008EA09A = {
			isa = PBXGroup;
			children = (
				E2AA02F930446886008EA09A /* Stanok */,
				E2AA030730446888008EA09A /* StanokTests */,
				E2AA031130446888008EA09A /* StanokUITests */,
				E2AA02F830446886008EA09A /* Products */,
				44D5B42F59742B3685950906 /* Frameworks */,
			);
			sourceTree = "<group>";
		};
		E2AA02F830446886008EA09A /* Products */ = {
			isa = PBXGroup;
			children = (
				E2AA02F730446886008EA09A /* Stanok.app */,
				E2AA030430446888008EA09A /* StanokTests.xctest */,
				E2AA030E30446888008EA09A /* StanokUITests.xctest */,
			);
			name = Products;
			sourceTree = "<group>";
		};
/* End PBXGroup section */

/* Begin PBXNativeTarget section */
		E2AA02F630446886008EA09A /* Stanok */ = {
			isa = PBXNativeTarget;
			buildConfigurationList = E2AA031830446888008EA09A /* Build configuration list for PBXNativeTarget "Stanok" */;
			buildPhases = (
				87B9B5732B56A901C9AFB668 /* SwiftLint */,
				E2AA02F330446886008EA09A /* Sources */,
				E2AA02F430446886008EA09A /* Frameworks */,
				E2AA02F530446886008EA09A /* Resources */,
				F1311A40D5B7CF1A4547A6C0 /* Ghostty Resources */,
			);
			buildRules = (
			);
			dependencies = (
			);
			fileSystemSynchronizedGroups = (
				E2AA02F930446886008EA09A /* Stanok */,
			);
			name = Stanok;
			packageProductDependencies = (
				B7E06AB1B026D9C8992ADEA1 /* StanokKit */,
				4D1AF5D6A6D2975D29F27003 /* StanokTerminal */,
			);
			productName = Stanok;
			productReference = E2AA02F730446886008EA09A /* Stanok.app */;
			productType = "com.apple.product-type.application";
		};
		E2AA030330446888008EA09A /* StanokTests */ = {
			isa = PBXNativeTarget;
			buildConfigurationList = E2AA031B30446888008EA09A /* Build configuration list for PBXNativeTarget "StanokTests" */;
			buildPhases = (
				E2AA030030446888008EA09A /* Sources */,
				E2AA030130446888008EA09A /* Frameworks */,
				E2AA030230446888008EA09A /* Resources */,
			);
			buildRules = (
			);
			dependencies = (
				E2AA030630446888008EA09A /* PBXTargetDependency */,
			);
			fileSystemSynchronizedGroups = (
				E2AA030730446888008EA09A /* StanokTests */,
			);
			name = StanokTests;
			productName = StanokTests;
			productReference = E2AA030430446888008EA09A /* StanokTests.xctest */;
			productType = "com.apple.product-type.bundle.unit-test";
		};
		E2AA030D30446888008EA09A /* StanokUITests */ = {
			isa = PBXNativeTarget;
			buildConfigurationList = E2AA031E30446888008EA09A /* Build configuration list for PBXNativeTarget "StanokUITests" */;
			buildPhases = (
				E2AA030A30446888008EA09A /* Sources */,
				E2AA030B30446888008EA09A /* Frameworks */,
				E2AA030C30446888008EA09A /* Resources */,
			);
			buildRules = (
			);
			dependencies = (
				E2AA031030446888008EA09A /* PBXTargetDependency */,
			);
			fileSystemSynchronizedGroups = (
				E2AA031130446888008EA09A /* StanokUITests */,
			);
			name = StanokUITests;
			productName = StanokUITests;
			productReference = E2AA030E30446888008EA09A /* StanokUITests.xctest */;
			productType = "com.apple.product-type.bundle.ui-testing";
		};
/* End PBXNativeTarget section */

/* Begin PBXProject section */
		E2AA02EF30446886008EA09A /* Project object */ = {
			isa = PBXProject;
			attributes = {
				BuildIndependentTargetsInParallel = 1;
				LastSwiftUpdateCheck = 2630;
				LastUpgradeCheck = 2630;
				TargetAttributes = {
					E2AA02F630446886008EA09A = {
						CreatedOnToolsVersion = 26.3;
					};
					E2AA030330446888008EA09A = {
						CreatedOnToolsVersion = 26.3;
						TestTargetID = E2AA02F630446886008EA09A;
					};
					E2AA030D30446888008EA09A = {
						CreatedOnToolsVersion = 26.3;
						TestTargetID = E2AA02F630446886008EA09A;
					};
				};
			};
			buildConfigurationList = E2AA02F230446886008EA09A /* Build configuration list for PBXProject "Stanok" */;
			developmentRegion = en;
			hasScannedForEncodings = 0;
			knownRegions = (
				en,
				Base,
			);
			mainGroup = E2AA02EE30446886008EA09A;
			minimizedProjectReferenceProxies = 1;
			packageReferences = (
				94DA019E79D12F98CDC5CAB6 /* XCLocalSwiftPackageReference "StanokKit" */,
			);
			preferredProjectObjectVersion = 77;
			productRefGroup = E2AA02F830446886008EA09A /* Products */;
			projectDirPath = "";
			projectRoot = "";
			targets = (
				E2AA02F630446886008EA09A /* Stanok */,
				E2AA030330446888008EA09A /* StanokTests */,
				E2AA030D30446888008EA09A /* StanokUITests */,
			);
		};
/* End PBXProject section */

/* Begin PBXResourcesBuildPhase section */
		E2AA02F530446886008EA09A /* Resources */ = {
			isa = PBXResourcesBuildPhase;
			buildActionMask = 2147483647;
			files = (
			);
			runOnlyForDeploymentPostprocessing = 0;
		};
		E2AA030230446888008EA09A /* Resources */ = {
			isa = PBXResourcesBuildPhase;
			buildActionMask = 2147483647;
			files = (
			);
			runOnlyForDeploymentPostprocessing = 0;
		};
		E2AA030C30446888008EA09A /* Resources */ = {
			isa = PBXResourcesBuildPhase;
			buildActionMask = 2147483647;
			files = (
			);
			runOnlyForDeploymentPostprocessing = 0;
		};
/* End PBXResourcesBuildPhase section */

/* Begin PBXShellScriptBuildPhase section */
		3CBAE9D88D358019BBA320D5 /* SwiftLint */ = {
			isa = PBXShellScriptBuildPhase;
			alwaysOutOfDate = 1;
			buildActionMask = 2147483647;
			files = (
			);
			inputFileListPaths = (
			);
			inputPaths = (
			);
			name = SwiftLint;
			outputFileListPaths = (
			);
			outputPaths = (
			);
			runOnlyForDeploymentPostprocessing = 0;
			shellPath = /bin/sh;
			shellScript = "# Xcode's script sandbox denies mise shims (they read mise.toml), so bypass PATH.\nfor candidate in /opt/homebrew/bin/swiftlint /usr/local/bin/swiftlint; do\n  if [ -x \"$candidate\" ]; then\n    exec \"$candidate\" lint --quiet --force-exclude --use-alternative-excluding Stanok StanokKit/Sources\n  fi\ndone\necho \"warning: swiftlint not found — run: brew install swiftlint\"\n";
		};
		87B9B5732B56A901C9AFB668 /* SwiftLint */ = {
			isa = PBXShellScriptBuildPhase;
			alwaysOutOfDate = 1;
			buildActionMask = 2147483647;
			files = (
			);
			inputFileListPaths = (
			);
			inputPaths = (
			);
			name = SwiftLint;
			outputFileListPaths = (
			);
			outputPaths = (
			);
			runOnlyForDeploymentPostprocessing = 0;
			shellPath = /bin/sh;
			shellScript = "# Xcode's script sandbox denies mise shims (they read mise.toml), so bypass PATH.\nfor candidate in /opt/homebrew/bin/swiftlint /usr/local/bin/swiftlint; do\n  if [ -x \"$candidate\" ]; then\n    exec \"$candidate\" lint --quiet --force-exclude --use-alternative-excluding Stanok StanokKit/Sources StanokKit/Terminal\n  fi\ndone\necho \"warning: swiftlint not found — run: brew install swiftlint\"\n";
		};
		F1311A40D5B7CF1A4547A6C0 /* Ghostty Resources */ = {
			isa = PBXShellScriptBuildPhase;
			alwaysOutOfDate = 1;
			buildActionMask = 2147483647;
			files = (
			);
			inputFileListPaths = (
			);
			inputPaths = (
			);
			name = "Ghostty Resources";
			outputFileListPaths = (
			);
			outputPaths = (
			);
			runOnlyForDeploymentPostprocessing = 0;
			shellPath = /bin/sh;
			shellScript = "# Without these ghostty falls back to xterm-256color and disables shell integration.\nshare=\"$SRCROOT/.build/ghostty/share\"\ndest=\"$BUILT_PRODUCTS_DIR/$CONTENTS_FOLDER_PATH/Resources\"\nif [ ! -d \"$share/ghostty\" ]; then\n  echo \"warning: $share/ghostty missing — run scripts/build-ghostty.sh\"\n  exit 0\nfi\nmkdir -p \"$dest\"\nrsync -a --delete \"$share/ghostty/\" \"$dest/ghostty/\"\nrsync -a --delete \"$share/terminfo/\" \"$dest/terminfo/\"\n";
		};
/* End PBXShellScriptBuildPhase section */

/* Begin PBXSourcesBuildPhase section */
		E2AA02F330446886008EA09A /* Sources */ = {
			isa = PBXSourcesBuildPhase;
			buildActionMask = 2147483647;
			files = (
			);
			runOnlyForDeploymentPostprocessing = 0;
		};
		E2AA030030446888008EA09A /* Sources */ = {
			isa = PBXSourcesBuildPhase;
			buildActionMask = 2147483647;
			files = (
			);
			runOnlyForDeploymentPostprocessing = 0;
		};
		E2AA030A30446888008EA09A /* Sources */ = {
			isa = PBXSourcesBuildPhase;
			buildActionMask = 2147483647;
			files = (
			);
			runOnlyForDeploymentPostprocessing = 0;
		};
/* End PBXSourcesBuildPhase section */

/* Begin PBXTargetDependency section */
		E2AA030630446888008EA09A /* PBXTargetDependency */ = {
			isa = PBXTargetDependency;
			target = E2AA02F630446886008EA09A /* Stanok */;
			targetProxy = E2AA030530446888008EA09A /* PBXContainerItemProxy */;
		};
		E2AA031030446888008EA09A /* PBXTargetDependency */ = {
			isa = PBXTargetDependency;
			target = E2AA02F630446886008EA09A /* Stanok */;
			targetProxy = E2AA030F30446888008EA09A /* PBXContainerItemProxy */;
		};
/* End PBXTargetDependency section */

/* Begin XCBuildConfiguration section */
		E2AA031630446888008EA09A /* Debug */ = {
			isa = XCBuildConfiguration;
			buildSettings = {
				ALWAYS_SEARCH_USER_PATHS = NO;
				ASSETCATALOG_COMPILER_GENERATE_SWIFT_ASSET_SYMBOL_EXTENSIONS = YES;
				CLANG_ANALYZER_NONNULL = YES;
				CLANG_ANALYZER_NUMBER_OBJECT_CONVERSION = YES_AGGRESSIVE;
				CLANG_CXX_LANGUAGE_STANDARD = "gnu++20";
				CLANG_ENABLE_MODULES = YES;
				CLANG_ENABLE_OBJC_ARC = YES;
				CLANG_ENABLE_OBJC_WEAK = YES;
				CLANG_WARN_BLOCK_CAPTURE_AUTORELEASING = YES;
				CLANG_WARN_BOOL_CONVERSION = YES;
				CLANG_WARN_COMMA = YES;
				CLANG_WARN_CONSTANT_CONVERSION = YES;
				CLANG_WARN_DEPRECATED_OBJC_IMPLEMENTATIONS = YES;
				CLANG_WARN_DIRECT_OBJC_ISA_USAGE = YES_ERROR;
				CLANG_WARN_DOCUMENTATION_COMMENTS = YES;
				CLANG_WARN_EMPTY_BODY = YES;
				CLANG_WARN_ENUM_CONVERSION = YES;
				CLANG_WARN_INFINITE_RECURSION = YES;
				CLANG_WARN_INT_CONVERSION = YES;
				CLANG_WARN_NON_LITERAL_NULL_CONVERSION = YES;
				CLANG_WARN_OBJC_IMPLICIT_RETAIN_SELF = YES;
				CLANG_WARN_OBJC_LITERAL_CONVERSION = YES;
				CLANG_WARN_OBJC_ROOT_CLASS = YES_ERROR;
				CLANG_WARN_QUOTED_INCLUDE_IN_FRAMEWORK_HEADER = YES;
				CLANG_WARN_RANGE_LOOP_ANALYSIS = YES;
				CLANG_WARN_STRICT_PROTOTYPES = YES;
				CLANG_WARN_SUSPICIOUS_MOVE = YES;
				CLANG_WARN_UNGUARDED_AVAILABILITY = YES_AGGRESSIVE;
				CLANG_WARN_UNREACHABLE_CODE = YES;
				CLANG_WARN__DUPLICATE_METHOD_MATCH = YES;
				COPY_PHASE_STRIP = NO;
				DEBUG_INFORMATION_FORMAT = dwarf;
				DEVELOPMENT_TEAM = LUY4875ZZ2;
				ENABLE_STRICT_OBJC_MSGSEND = YES;
				ENABLE_TESTABILITY = YES;
				ENABLE_USER_SCRIPT_SANDBOXING = YES;
				GCC_C_LANGUAGE_STANDARD = gnu17;
				GCC_DYNAMIC_NO_PIC = NO;
				GCC_NO_COMMON_BLOCKS = YES;
				GCC_OPTIMIZATION_LEVEL = 0;
				GCC_PREPROCESSOR_DEFINITIONS = (
					"DEBUG=1",
					"$(inherited)",
				);
				GCC_WARN_64_TO_32_BIT_CONVERSION = YES;
				GCC_WARN_ABOUT_RETURN_TYPE = YES_ERROR;
				GCC_WARN_UNDECLARED_SELECTOR = YES;
				GCC_WARN_UNINITIALIZED_AUTOS = YES_AGGRESSIVE;
				GCC_WARN_UNUSED_FUNCTION = YES;
				GCC_WARN_UNUSED_VARIABLE = YES;
				LOCALIZATION_PREFERS_STRING_CATALOGS = YES;
				MACOSX_DEPLOYMENT_TARGET = 26.2;
				MTL_ENABLE_DEBUG_INFO = INCLUDE_SOURCE;
				MTL_FAST_MATH = YES;
				ONLY_ACTIVE_ARCH = YES;
				SDKROOT = macosx;
				SWIFT_ACTIVE_COMPILATION_CONDITIONS = "DEBUG $(inherited)";
				SWIFT_OPTIMIZATION_LEVEL = "-Onone";
			};
			name = Debug;
		};
		E2AA031730446888008EA09A /* Release */ = {
			isa = XCBuildConfiguration;
			buildSettings = {
				ALWAYS_SEARCH_USER_PATHS = NO;
				ASSETCATALOG_COMPILER_GENERATE_SWIFT_ASSET_SYMBOL_EXTENSIONS = YES;
				CLANG_ANALYZER_NONNULL = YES;
				CLANG_ANALYZER_NUMBER_OBJECT_CONVERSION = YES_AGGRESSIVE;
				CLANG_CXX_LANGUAGE_STANDARD = "gnu++20";
				CLANG_ENABLE_MODULES = YES;
				CLANG_ENABLE_OBJC_ARC = YES;
				CLANG_ENABLE_OBJC_WEAK = YES;
				CLANG_WARN_BLOCK_CAPTURE_AUTORELEASING = YES;
				CLANG_WARN_BOOL_CONVERSION = YES;
				CLANG_WARN_COMMA = YES;
				CLANG_WARN_CONSTANT_CONVERSION = YES;
				CLANG_WARN_DEPRECATED_OBJC_IMPLEMENTATIONS = YES;
				CLANG_WARN_DIRECT_OBJC_ISA_USAGE = YES_ERROR;
				CLANG_WARN_DOCUMENTATION_COMMENTS = YES;
				CLANG_WARN_EMPTY_BODY = YES;
				CLANG_WARN_ENUM_CONVERSION = YES;
				CLANG_WARN_INFINITE_RECURSION = YES;
				CLANG_WARN_INT_CONVERSION = YES;
				CLANG_WARN_NON_LITERAL_NULL_CONVERSION = YES;
				CLANG_WARN_OBJC_IMPLICIT_RETAIN_SELF = YES;
				CLANG_WARN_OBJC_LITERAL_CONVERSION = YES;
				CLANG_WARN_OBJC_ROOT_CLASS = YES_ERROR;
				CLANG_WARN_QUOTED_INCLUDE_IN_FRAMEWORK_HEADER = YES;
				CLANG_WARN_RANGE_LOOP_ANALYSIS = YES;
				CLANG_WARN_STRICT_PROTOTYPES = YES;
				CLANG_WARN_SUSPICIOUS_MOVE = YES;
				CLANG_WARN_UNGUARDED_AVAILABILITY = YES_AGGRESSIVE;
				CLANG_WARN_UNREACHABLE_CODE = YES;
				CLANG_WARN__DUPLICATE_METHOD_MATCH = YES;
				COPY_PHASE_STRIP = NO;
				DEBUG_INFORMATION_FORMAT = "dwarf-with-dsym";
				DEVELOPMENT_TEAM = LUY4875ZZ2;
				ENABLE_NS_ASSERTIONS = NO;
				ENABLE_STRICT_OBJC_MSGSEND = YES;
				ENABLE_USER_SCRIPT_SANDBOXING = YES;
				GCC_C_LANGUAGE_STANDARD = gnu17;
				GCC_NO_COMMON_BLOCKS = YES;
				GCC_WARN_64_TO_32_BIT_CONVERSION = YES;
				GCC_WARN_ABOUT_RETURN_TYPE = YES_ERROR;
				GCC_WARN_UNDECLARED_SELECTOR = YES;
				GCC_WARN_UNINITIALIZED_AUTOS = YES_AGGRESSIVE;
				GCC_WARN_UNUSED_FUNCTION = YES;
				GCC_WARN_UNUSED_VARIABLE = YES;
				LOCALIZATION_PREFERS_STRING_CATALOGS = YES;
				MACOSX_DEPLOYMENT_TARGET = 26.2;
				MTL_ENABLE_DEBUG_INFO = NO;
				MTL_FAST_MATH = YES;
				SDKROOT = macosx;
				SWIFT_COMPILATION_MODE = wholemodule;
			};
			name = Release;
		};
		E2AA031930446888008EA09A /* Debug */ = {
			isa = XCBuildConfiguration;
			buildSettings = {
				ASSETCATALOG_COMPILER_APPICON_NAME = AppIcon;
				ASSETCATALOG_COMPILER_GLOBAL_ACCENT_COLOR_NAME = AccentColor;
				CODE_SIGN_STYLE = Automatic;
				COMBINE_HIDPI_IMAGES = YES;
				CURRENT_PROJECT_VERSION = 1;
				DEVELOPMENT_TEAM = LUY4875ZZ2;
				ENABLE_APP_SANDBOX = NO;
				ENABLE_HARDENED_RUNTIME = YES;
				ENABLE_PREVIEWS = YES;
				ENABLE_USER_SCRIPT_SANDBOXING = NO;
				ENABLE_USER_SELECTED_FILES = readonly;
				GENERATE_INFOPLIST_FILE = YES;
				INFOPLIST_KEY_NSHumanReadableCopyright = "";
				LD_RUNPATH_SEARCH_PATHS = (
					"$(inherited)",
					"@executable_path/../Frameworks",
				);
				MARKETING_VERSION = 1.0;
				OTHER_LDFLAGS = (
					"$(inherited)",
					"-lstdc++",
				);
				PRODUCT_BUNDLE_IDENTIFIER = ru.alobanov11.Stanok;
				PRODUCT_NAME = "$(TARGET_NAME)";
				REGISTER_APP_GROUPS = YES;
				STRING_CATALOG_GENERATE_SYMBOLS = YES;
				SWIFT_APPROACHABLE_CONCURRENCY = YES;
				SWIFT_DEFAULT_ACTOR_ISOLATION = MainActor;
				SWIFT_EMIT_LOC_STRINGS = YES;
				SWIFT_STRICT_CONCURRENCY = complete;
				SWIFT_UPCOMING_FEATURE_MEMBER_IMPORT_VISIBILITY = YES;
				SWIFT_VERSION = 6.0;
			};
			name = Debug;
		};
		E2AA031A30446888008EA09A /* Release */ = {
			isa = XCBuildConfiguration;
			buildSettings = {
				ASSETCATALOG_COMPILER_APPICON_NAME = AppIcon;
				ASSETCATALOG_COMPILER_GLOBAL_ACCENT_COLOR_NAME = AccentColor;
				CODE_SIGN_STYLE = Automatic;
				COMBINE_HIDPI_IMAGES = YES;
				CURRENT_PROJECT_VERSION = 1;
				DEVELOPMENT_TEAM = LUY4875ZZ2;
				ENABLE_APP_SANDBOX = NO;
				ENABLE_HARDENED_RUNTIME = YES;
				ENABLE_PREVIEWS = YES;
				ENABLE_USER_SCRIPT_SANDBOXING = NO;
				ENABLE_USER_SELECTED_FILES = readonly;
				GENERATE_INFOPLIST_FILE = YES;
				INFOPLIST_KEY_NSHumanReadableCopyright = "";
				LD_RUNPATH_SEARCH_PATHS = (
					"$(inherited)",
					"@executable_path/../Frameworks",
				);
				MARKETING_VERSION = 1.0;
				OTHER_LDFLAGS = (
					"$(inherited)",
					"-lstdc++",
				);
				PRODUCT_BUNDLE_IDENTIFIER = ru.alobanov11.Stanok;
				PRODUCT_NAME = "$(TARGET_NAME)";
				REGISTER_APP_GROUPS = YES;
				STRING_CATALOG_GENERATE_SYMBOLS = YES;
				SWIFT_APPROACHABLE_CONCURRENCY = YES;
				SWIFT_DEFAULT_ACTOR_ISOLATION = MainActor;
				SWIFT_EMIT_LOC_STRINGS = YES;
				SWIFT_STRICT_CONCURRENCY = complete;
				SWIFT_UPCOMING_FEATURE_MEMBER_IMPORT_VISIBILITY = YES;
				SWIFT_VERSION = 6.0;
			};
			name = Release;
		};
		E2AA031C30446888008EA09A /* Debug */ = {
			isa = XCBuildConfiguration;
			buildSettings = {
				BUNDLE_LOADER = "$(TEST_HOST)";
				CODE_SIGN_STYLE = Automatic;
				CURRENT_PROJECT_VERSION = 1;
				DEVELOPMENT_TEAM = LUY4875ZZ2;
				GENERATE_INFOPLIST_FILE = YES;
				MACOSX_DEPLOYMENT_TARGET = 26.2;
				MARKETING_VERSION = 1.0;
				PRODUCT_BUNDLE_IDENTIFIER = ru.alobanov11.StanokTests;
				PRODUCT_NAME = "$(TARGET_NAME)";
				STRING_CATALOG_GENERATE_SYMBOLS = NO;
				SWIFT_APPROACHABLE_CONCURRENCY = YES;
				SWIFT_EMIT_LOC_STRINGS = NO;
				SWIFT_STRICT_CONCURRENCY = complete;
				SWIFT_UPCOMING_FEATURE_MEMBER_IMPORT_VISIBILITY = YES;
				SWIFT_VERSION = 6.0;
				TEST_HOST = "$(BUILT_PRODUCTS_DIR)/Stanok.app/$(BUNDLE_EXECUTABLE_FOLDER_PATH)/Stanok";
			};
			name = Debug;
		};
		E2AA031D30446888008EA09A /* Release */ = {
			isa = XCBuildConfiguration;
			buildSettings = {
				BUNDLE_LOADER = "$(TEST_HOST)";
				CODE_SIGN_STYLE = Automatic;
				CURRENT_PROJECT_VERSION = 1;
				DEVELOPMENT_TEAM = LUY4875ZZ2;
				GENERATE_INFOPLIST_FILE = YES;
				MACOSX_DEPLOYMENT_TARGET = 26.2;
				MARKETING_VERSION = 1.0;
				PRODUCT_BUNDLE_IDENTIFIER = ru.alobanov11.StanokTests;
				PRODUCT_NAME = "$(TARGET_NAME)";
				STRING_CATALOG_GENERATE_SYMBOLS = NO;
				SWIFT_APPROACHABLE_CONCURRENCY = YES;
				SWIFT_EMIT_LOC_STRINGS = NO;
				SWIFT_STRICT_CONCURRENCY = complete;
				SWIFT_UPCOMING_FEATURE_MEMBER_IMPORT_VISIBILITY = YES;
				SWIFT_VERSION = 6.0;
				TEST_HOST = "$(BUILT_PRODUCTS_DIR)/Stanok.app/$(BUNDLE_EXECUTABLE_FOLDER_PATH)/Stanok";
			};
			name = Release;
		};
		E2AA031F30446888008EA09A /* Debug */ = {
			isa = XCBuildConfiguration;
			buildSettings = {
				CODE_SIGN_STYLE = Automatic;
				CURRENT_PROJECT_VERSION = 1;
				DEVELOPMENT_TEAM = LUY4875ZZ2;
				GENERATE_INFOPLIST_FILE = YES;
				MARKETING_VERSION = 1.0;
				PRODUCT_BUNDLE_IDENTIFIER = ru.alobanov11.StanokUITests;
				PRODUCT_NAME = "$(TARGET_NAME)";
				STRING_CATALOG_GENERATE_SYMBOLS = NO;
				SWIFT_APPROACHABLE_CONCURRENCY = YES;
				SWIFT_EMIT_LOC_STRINGS = NO;
				SWIFT_STRICT_CONCURRENCY = complete;
				SWIFT_UPCOMING_FEATURE_MEMBER_IMPORT_VISIBILITY = YES;
				SWIFT_VERSION = 6.0;
				TEST_TARGET_NAME = Stanok;
			};
			name = Debug;
		};
		E2AA032030446888008EA09A /* Release */ = {
			isa = XCBuildConfiguration;
			buildSettings = {
				CODE_SIGN_STYLE = Automatic;
				CURRENT_PROJECT_VERSION = 1;
				DEVELOPMENT_TEAM = LUY4875ZZ2;
				GENERATE_INFOPLIST_FILE = YES;
				MARKETING_VERSION = 1.0;
				PRODUCT_BUNDLE_IDENTIFIER = ru.alobanov11.StanokUITests;
				PRODUCT_NAME = "$(TARGET_NAME)";
				STRING_CATALOG_GENERATE_SYMBOLS = NO;
				SWIFT_APPROACHABLE_CONCURRENCY = YES;
				SWIFT_EMIT_LOC_STRINGS = NO;
				SWIFT_STRICT_CONCURRENCY = complete;
				SWIFT_UPCOMING_FEATURE_MEMBER_IMPORT_VISIBILITY = YES;
				SWIFT_VERSION = 6.0;
				TEST_TARGET_NAME = Stanok;
			};
			name = Release;
		};
/* End XCBuildConfiguration section */

/* Begin XCConfigurationList section */
		E2AA02F230446886008EA09A /* Build configuration list for PBXProject "Stanok" */ = {
			isa = XCConfigurationList;
			buildConfigurations = (
				E2AA031630446888008EA09A /* Debug */,
				E2AA031730446888008EA09A /* Release */,
			);
			defaultConfigurationIsVisible = 0;
			defaultConfigurationName = Release;
		};
		E2AA031830446888008EA09A /* Build configuration list for PBXNativeTarget "Stanok" */ = {
			isa = XCConfigurationList;
			buildConfigurations = (
				E2AA031930446888008EA09A /* Debug */,
				E2AA031A30446888008EA09A /* Release */,
			);
			defaultConfigurationIsVisible = 0;
			defaultConfigurationName = Release;
		};
		E2AA031B30446888008EA09A /* Build configuration list for PBXNativeTarget "StanokTests" */ = {
			isa = XCConfigurationList;
			buildConfigurations = (
				E2AA031C30446888008EA09A /* Debug */,
				E2AA031D30446888008EA09A /* Release */,
			);
			defaultConfigurationIsVisible = 0;
			defaultConfigurationName = Release;
		};
		E2AA031E30446888008EA09A /* Build configuration list for PBXNativeTarget "StanokUITests" */ = {
			isa = XCConfigurationList;
			buildConfigurations = (
				E2AA031F30446888008EA09A /* Debug */,
				E2AA032030446888008EA09A /* Release */,
			);
			defaultConfigurationIsVisible = 0;
			defaultConfigurationName = Release;
		};
/* End XCConfigurationList section */

/* Begin XCLocalSwiftPackageReference section */
		94DA019E79D12F98CDC5CAB6 /* XCLocalSwiftPackageReference "StanokKit" */ = {
			isa = XCLocalSwiftPackageReference;
			relativePath = StanokKit;
		};
/* End XCLocalSwiftPackageReference section */

/* Begin XCSwiftPackageProductDependency section */
		4D1AF5D6A6D2975D29F27003 /* StanokTerminal */ = {
			isa = XCSwiftPackageProductDependency;
			package = 94DA019E79D12F98CDC5CAB6 /* XCLocalSwiftPackageReference "StanokKit" */;
			productName = StanokTerminal;
		};
		B7E06AB1B026D9C8992ADEA1 /* StanokKit */ = {
			isa = XCSwiftPackageProductDependency;
			productName = StanokKit;
		};
/* End XCSwiftPackageProductDependency section */
	};
	rootObject = E2AA02EF30446886008EA09A /* Project object */;
}
